version: 1.0
shards:
  bojack-client:
    github: hugoabonizio/bojack.cr
    version: 0.1.0

  commander:
    github: mrrooijen/commander
    version: 0.3.3

  resp:
    github: soveran/resp-crystal
    commit: f2ccc011296bb17719285067712f1ea057cd79e8

  resp-server:
    github: hugoabonizio/resp.cr
    commit: b60da8fbf4b6a8b7d1ec577bcef0b900ca92dee7

